
Microsoft Visual Studio Solution File, Format Version 12.00
# Visual Studio Version 17
VisualStudioVersion = 17.8.34205.153
MinimumVisualStudioVersion = 10.0.40219.1
Project("{9A19103F-16F7-4668-BE54-9A1E7A4F7556}") = "BulkyWeb", "BulkyWeb\BulkyWeb.csproj", "{7B04A3BD-070D-4849-8385-0F7D04A61425}"
EndProject
Project("{9A19103F-16F7-4668-BE54-9A1E7A4F7556}") = "Bulky_Razor", "Bulky_Razor\Bulky_Razor.csproj", "{9CBF9E6E-E1A0-4F6C-A0B4-A2DBD370529D}"
EndProject
Project("{FAE04EC0-301F-11D3-BF4B-00C04F79EFBC}") = "Bulky.DataAccess", "Bulky.DataAccess\Bulky.DataAccess.csproj", "{378ADDA2-2BCC-4A37-AA89-17B34E2E6B4D}"
EndProject
Project("{FAE04EC0-301F-11D3-BF4B-00C04F79EFBC}") = "Bulky.Models", "Bulky.Models\Bulky.Models.csproj", "{DDBB9D83-1693-49C3-920E-011E9B641542}"
EndProject
Project("{FAE04EC0-301F-11D3-BF4B-00C04F79EFBC}") = "Bulky.Utility", "Bulky.Utility\Bulky.Utility.csproj", "{3E4113ED-418E-4ADE-96A2-B04C789A820B}"
EndProject
Global
	GlobalSection(SolutionConfigurationPlatforms) = preSolution
		Debug|Any CPU = Debug|Any CPU
		Release|Any CPU = Release|Any CPU
	EndGlobalSection
	GlobalSection(ProjectConfigurationPlatforms) = postSolution
		{7B04A3BD-070D-4849-8385-0F7D04A61425}.Debug|Any CPU.ActiveCfg = Debug|Any CPU
		{7B04A3BD-070D-4849-8385-0F7D04A61425}.Debug|Any CPU.Build.0 = Debug|Any CPU
		{7B04A3BD-070D-4849-8385-0F7D04A61425}.Release|Any CPU.ActiveCfg = Release|Any CPU
		{7B04A3BD-070D-4849-8385-0F7D04A61425}.Release|Any CPU.Build.0 = Release|Any CPU
		{9CBF9E6E-E1A0-4F6C-A0B4-A2DBD370529D}.Debug|Any CPU.ActiveCfg = Debug|Any CPU
		{9CBF9E6E-E1A0-4F6C-A0B4-A2DBD370529D}.Debug|Any CPU.Build.0 = Debug|Any CPU
		{9CBF9E6E-E1A0-4F6C-A0B4-A2DBD370529D}.Release|Any CPU.ActiveCfg = Release|Any CPU
		{9CBF9E6E-E1A0-4F6C-A0B4-A2DBD370529D}.Release|Any CPU.Build.0 = Release|Any CPU
		{378ADDA2-2BCC-4A37-AA89-17B34E2E6B4D}.Debug|Any CPU.ActiveCfg = Debug|Any CPU
		{378ADDA2-2BCC-4A37-AA89-17B34E2E6B4D}.Debug|Any CPU.Build.0 = Debug|Any CPU
		{378ADDA2-2BCC-4A37-AA89-17B34E2E6B4D}.Release|Any CPU.ActiveCfg = Release|Any CPU
		{378ADDA2-2BCC-4A37-AA89-17B34E2E6B4D}.Release|Any CPU.Build.0 = Release|Any CPU
		{DDBB9D83-1693-49C3-920E-011E9B641542}.Debug|Any CPU.ActiveCfg = Debug|Any CPU
		{DDBB9D83-1693-49C3-920E-011E9B641542}.Debug|Any CPU.Build.0 = Debug|Any CPU
		{DDBB9D83-1693-49C3-920E-011E9B641542}.Release|Any CPU.ActiveCfg = Release|Any CPU
		{DDBB9D83-1693-49C3-920E-011E9B641542}.Release|Any CPU.Build.0 = Release|Any CPU
		{3E4113ED-418E-4ADE-96A2-B04C789A820B}.Debug|Any CPU.ActiveCfg = Debug|Any CPU
		{3E4113ED-418E-4ADE-96A2-B04C789A820B}.Debug|Any CPU.Build.0 = Debug|Any CPU
		{3E4113ED-418E-4ADE-96A2-B04C789A820B}.Release|Any CPU.ActiveCfg = Release|Any CPU
		{3E4113ED-418E-4ADE-96A2-B04C789A820B}.Release|Any CPU.Build.0 = Release|Any CPU
	EndGlobalSection
	GlobalSection(SolutionProperties) = preSolution
		HideSolutionNode = FALSE
	EndGlobalSection
	GlobalSection(ExtensibilityGlobals) = postSolution
		SolutionGuid = {A7A348A5-99BA-461B-B28E-FAF9E03EE169}
	EndGlobalSection
EndGlobal
